// !$*UTF8*$!
{
	archiveVersion = 1;
	classes = {
	};
	objectVersion = 56;
	objects = {

/* Begin PBXBuildFile section */
		D087500D29D1731900454A4B /* saveMoneyApp.swift in Sources */ = {isa = PBXBuildFile; fileRef = D087500C29D1731900454A4B /* saveMoneyApp.swift */; };
		D087501129D1731A00454A4B /* Assets.xcassets in Resources */ = {isa = PBXBuildFile; fileRef = D087501029D1731A00454A4B /* Assets.xcassets */; };
		D087501429D1731A00454A4B /* Preview Assets.xcassets in Resources */ = {isa = PBXBuildFile; fileRef = D087501329D1731A00454A4B /* Preview Assets.xcassets */; };
		D087501E29D1731A00454A4B /* saveMoneyTests.swift in Sources */ = {isa = PBXBuildFile; fileRef = D087501D29D1731A00454A4B /* saveMoneyTests.swift */; };
		D087502829D1731A00454A4B /* saveMoneyUITests.swift in Sources */ = {isa = PBXBuildFile; fileRef = D087502729D1731A00454A4B /* saveMoneyUITests.swift */; };
		D087502A29D1731A00454A4B /* saveMoneyUITestsLaunchTests.swift in Sources */ = {isa = PBXBuildFile; fileRef = D087502929D1731A00454A4B /* saveMoneyUITestsLaunchTests.swift */; };
		D087503929D1740F00454A4B /* saveMoneyApp.swift in Sources */ = {isa = PBXBuildFile; fileRef = D087500C29D1731900454A4B /* saveMoneyApp.swift */; };
		D087503C29D1740F00454A4B /* Preview Assets.xcassets in Resources */ = {isa = PBXBuildFile; fileRef = D087501329D1731A00454A4B /* Preview Assets.xcassets */; };
		D087503D29D1740F00454A4B /* Assets.xcassets in Resources */ = {isa = PBXBuildFile; fileRef = D087501029D1731A00454A4B /* Assets.xcassets */; };
		D087504C29D176F500454A4B /* Localizable.en.strings in Resources */ = {isa = PBXBuildFile; fileRef = D087504F29D176F500454A4B /* Localizable.en.strings */; };
		D087504D29D176F500454A4B /* Localizable.en.strings in Resources */ = {isa = PBXBuildFile; fileRef = D087504F29D176F500454A4B /* Localizable.en.strings */; };
		D087505429D1772800454A4B /* Localizable.ru.strings in Resources */ = {isa = PBXBuildFile; fileRef = D087505729D1772800454A4B /* Localizable.ru.strings */; };
		D087505529D1772800454A4B /* Localizable.ru.strings in Resources */ = {isa = PBXBuildFile; fileRef = D087505729D1772800454A4B /* Localizable.ru.strings */; };
		D087505929D1773F00454A4B /* Strings.swift in Sources */ = {isa = PBXBuildFile; fileRef = D087505829D1773F00454A4B /* Strings.swift */; };
		D087505A29D1773F00454A4B /* Strings.swift in Sources */ = {isa = PBXBuildFile; fileRef = D087505829D1773F00454A4B /* Strings.swift */; };
		D087505F29D193BC00454A4B /* AppDelegate.swift in Sources */ = {isa = PBXBuildFile; fileRef = D087505E29D193BC00454A4B /* AppDelegate.swift */; };
		D087506029D193BC00454A4B /* AppDelegate.swift in Sources */ = {isa = PBXBuildFile; fileRef = D087505E29D193BC00454A4B /* AppDelegate.swift */; };
		D087506429D1948F00454A4B /* CombineExt in Frameworks */ = {isa = PBXBuildFile; productRef = D087506329D1948F00454A4B /* CombineExt */; };
		D087506729D194AD00454A4B /* Stinsen in Frameworks */ = {isa = PBXBuildFile; productRef = D087506629D194AD00454A4B /* Stinsen */; };
		D087506A29D194C100454A4B /* Kingfisher in Frameworks */ = {isa = PBXBuildFile; productRef = D087506929D194C100454A4B /* Kingfisher */; };
		D087506D29D194D900454A4B /* Swinject in Frameworks */ = {isa = PBXBuildFile; productRef = D087506C29D194D900454A4B /* Swinject */; };
/* End PBXBuildFile section */

/* Begin PBXContainerItemProxy section */
		D087501A29D1731A00454A4B /* PBXContainerItemProxy */ = {
			isa = PBXContainerItemProxy;
			containerPortal = D087500129D1731900454A4B /* Project object */;
			proxyType = 1;
			remoteGlobalIDString = D087500829D1731900454A4B;
			remoteInfo = saveMoney;
		};
		D087502429D1731A00454A4B /* PBXContainerItemProxy */ = {
			isa = PBXContainerItemProxy;
			containerPortal = D087500129D1731900454A4B /* Project object */;
			proxyType = 1;
			remoteGlobalIDString = D087500829D1731900454A4B;
			remoteInfo = saveMoney;
		};
/* End PBXContainerItemProxy section */

/* Begin PBXFileReference section */
		D087500929D1731900454A4B /* saveMoney.app */ = {isa = PBXFileReference; explicitFileType = wrapper.application; includeInIndex = 0; path = saveMoney.app; sourceTree = BUILT_PRODUCTS_DIR; };
		D087500C29D1731900454A4B /* saveMoneyApp.swift */ = {isa = PBXFileReference; lastKnownFileType = sourcecode.swift; path = saveMoneyApp.swift; sourceTree = "<group>"; };
		D087501029D1731A00454A4B /* Assets.xcassets */ = {isa = PBXFileReference; lastKnownFileType = folder.assetcatalog; path = Assets.xcassets; sourceTree = "<group>"; };
		D087501329D1731A00454A4B /* Preview Assets.xcassets */ = {isa = PBXFileReference; lastKnownFileType = folder.assetcatalog; path = "Preview Assets.xcassets"; sourceTree = "<group>"; };
		D087501929D1731A00454A4B /* saveMoneyTests.xctest */ = {isa = PBXFileReference; explicitFileType = wrapper.cfbundle; includeInIndex = 0; path = saveMoneyTests.xctest; sourceTree = BUILT_PRODUCTS_DIR; };
		D087501D29D1731A00454A4B /* saveMoneyTests.swift */ = {isa = PBXFileReference; lastKnownFileType = sourcecode.swift; path = saveMoneyTests.swift; sourceTree = "<group>"; };
		D087502329D1731A00454A4B /* saveMoneyUITests.xctest */ = {isa = PBXFileReference; explicitFileType = wrapper.cfbundle; includeInIndex = 0; path = saveMoneyUITests.xctest; sourceTree = BUILT_PRODUCTS_DIR; };
		D087502729D1731A00454A4B /* saveMoneyUITests.swift */ = {isa = PBXFileReference; lastKnownFileType = sourcecode.swift; path = saveMoneyUITests.swift; sourceTree = "<group>"; };
		D087502929D1731A00454A4B /* saveMoneyUITestsLaunchTests.swift */ = {isa = PBXFileReference; lastKnownFileType = sourcecode.swift; path = saveMoneyUITestsLaunchTests.swift; sourceTree = "<group>"; };
		D087504129D1740F00454A4B /* saveMoneyDev.app */ = {isa = PBXFileReference; explicitFileType = wrapper.application; includeInIndex = 0; path = saveMoneyDev.app; sourceTree = BUILT_PRODUCTS_DIR; };
		D087504E29D176F500454A4B /* en */ = {isa = PBXFileReference; lastKnownFileType = text.plist.strings; name = en; path = en.lproj/Localizable.en.strings; sourceTree = "<group>"; };
		D087505629D1772800454A4B /* ru */ = {isa = PBXFileReference; lastKnownFileType = text.plist.strings; name = ru; path = ru.lproj/Localizable.ru.strings; sourceTree = "<group>"; };
		D087505829D1773F00454A4B /* Strings.swift */ = {isa = PBXFileReference; lastKnownFileType = sourcecode.swift; path = Strings.swift; sourceTree = "<group>"; };
		D087505E29D193BC00454A4B /* AppDelegate.swift */ = {isa = PBXFileReference; lastKnownFileType = sourcecode.swift; path = AppDelegate.swift; sourceTree = "<group>"; };
/* End PBXFileReference section */

/* Begin PBXFrameworksBuildPhase section */
		D087500629D1731900454A4B /* Frameworks */ = {
			isa = PBXFrameworksBuildPhase;
			buildActionMask = 2147483647;
			files = (
			);
			runOnlyForDeploymentPostprocessing = 0;
		};
		D087501629D1731A00454A4B /* Frameworks */ = {
			isa = PBXFrameworksBuildPhase;
			buildActionMask = 2147483647;
			files = (
			);
			runOnlyForDeploymentPostprocessing = 0;
		};
		D087502029D1731A00454A4B /* Frameworks */ = {
			isa = PBXFrameworksBuildPhase;
			buildActionMask = 2147483647;
			files = (
			);
			runOnlyForDeploymentPostprocessing = 0;
		};
		D087503A29D1740F00454A4B /* Frameworks */ = {
			isa = PBXFrameworksBuildPhase;
			buildActionMask = 2147483647;
			files = (
				D087506A29D194C100454A4B /* Kingfisher in Frameworks */,
				D087506429D1948F00454A4B /* CombineExt in Frameworks */,
				D087506729D194AD00454A4B /* Stinsen in Frameworks */,
				D087506D29D194D900454A4B /* Swinject in Frameworks */,
			);
			runOnlyForDeploymentPostprocessing = 0;
		};
/* End PBXFrameworksBuildPhase section */

/* Begin PBXGroup section */
		D087500029D1731900454A4B = {
			isa = PBXGroup;
			children = (
				D087500B29D1731900454A4B /* saveMoney */,
				D087501C29D1731A00454A4B /* saveMoneyTests */,
				D087502629D1731A00454A4B /* saveMoneyUITests */,
				D087500A29D1731900454A4B /* Products */,
			);
			sourceTree = "<group>";
		};
		D087500A29D1731900454A4B /* Products */ = {
			isa = PBXGroup;
			children = (
				D087500929D1731900454A4B /* saveMoney.app */,
				D087501929D1731A00454A4B /* saveMoneyTests.xctest */,
				D087502329D1731A00454A4B /* saveMoneyUITests.xctest */,
				D087504129D1740F00454A4B /* saveMoneyDev.app */,
			);
			name = Products;
			sourceTree = "<group>";
		};
		D087500B29D1731900454A4B /* saveMoney */ = {
			isa = PBXGroup;
			children = (
				D087504429D1767F00454A4B /* App */,
				D087504329D1767300454A4B /* Resources */,
				D087506129D1945F00454A4B /* Coordinators */,
				D087504229D1766A00454A4B /* Helpers */,
				D087505B29D1776A00454A4B /* Models */,
				D087505C29D1777200454A4B /* Modules */,
				D087505D29D1792B00454A4B /* Services */,
				D087501229D1731A00454A4B /* Preview Content */,
			);
			path = saveMoney;
			sourceTree = "<group>";
		};
		D087501229D1731A00454A4B /* Preview Content */ = {
			isa = PBXGroup;
			children = (
				D087501329D1731A00454A4B /* Preview Assets.xcassets */,
			);
			path = "Preview Content";
			sourceTree = "<group>";
		};
		D087501C29D1731A00454A4B /* saveMoneyTests */ = {
			isa = PBXGroup;
			children = (
				D087501D29D1731A00454A4B /* saveMoneyTests.swift */,
			);
			path = saveMoneyTests;
			sourceTree = "<group>";
		};
		D087502629D1731A00454A4B /* saveMoneyUITests */ = {
			isa = PBXGroup;
			children = (
				D087502729D1731A00454A4B /* saveMoneyUITests.swift */,
				D087502929D1731A00454A4B /* saveMoneyUITestsLaunchTests.swift */,
			);
			path = saveMoneyUITests;
			sourceTree = "<group>";
		};
		D087504229D1766A00454A4B /* Helpers */ = {
			isa = PBXGroup;
			children = (
			);
			path = Helpers;
			sourceTree = "<group>";
		};
		D087504329D1767300454A4B /* Resources */ = {
			isa = PBXGroup;
			children = (
				D087501029D1731A00454A4B /* Assets.xcassets */,
				D087504529D1768800454A4B /* Localization */,
				D087505829D1773F00454A4B /* Strings.swift */,
			);
			path = Resources;
			sourceTree = "<group>";
		};
		D087504429D1767F00454A4B /* App */ = {
			isa = PBXGroup;
			children = (
				D087500C29D1731900454A4B /* saveMoneyApp.swift */,
				D087505E29D193BC00454A4B /* AppDelegate.swift */,
			);
			path = App;
			sourceTree = "<group>";
		};
		D087504529D1768800454A4B /* Localization */ = {
			isa = PBXGroup;
			children = (
				D087504F29D176F500454A4B /* Localizable.en.strings */,
				D087505729D1772800454A4B /* Localizable.ru.strings */,
			);
			path = Localization;
			sourceTree = "<group>";
		};
		D087505B29D1776A00454A4B /* Models */ = {
			isa = PBXGroup;
			children = (
			);
			path = Models;
			sourceTree = "<group>";
		};
		D087505C29D1777200454A4B /* Modules */ = {
			isa = PBXGroup;
			children = (
			);
			path = Modules;
			sourceTree = "<group>";
		};
		D087505D29D1792B00454A4B /* Services */ = {
			isa = PBXGroup;
			children = (
			);
			path = Services;
			sourceTree = "<group>";
		};
		D087506129D1945F00454A4B /* Coordinators */ = {
			isa = PBXGroup;
			children = (
			);
			path = Coordinators;
			sourceTree = "<group>";
		};
/* End PBXGroup section */

/* Begin PBXNativeTarget section */
		D087500829D1731900454A4B /* saveMoney */ = {
			isa = PBXNativeTarget;
			buildConfigurationList = D087502D29D1731A00454A4B /* Build configuration list for PBXNativeTarget "saveMoney" */;
			buildPhases = (
				D087500529D1731900454A4B /* Sources */,
				D087500629D1731900454A4B /* Frameworks */,
				D087500729D1731900454A4B /* Resources */,
			);
			buildRules = (
			);
			dependencies = (
			);
			name = saveMoney;
			productName = saveMoney;
			productReference = D087500929D1731900454A4B /* saveMoney.app */;
			productType = "com.apple.product-type.application";
		};
		D087501829D1731A00454A4B /* saveMoneyTests */ = {
			isa = PBXNativeTarget;
			buildConfigurationList = D087503029D1731A00454A4B /* Build configuration list for PBXNativeTarget "saveMoneyTests" */;
			buildPhases = (
				D087501529D1731A00454A4B /* Sources */,
				D087501629D1731A00454A4B /* Frameworks */,
				D087501729D1731A00454A4B /* Resources */,
			);
			buildRules = (
			);
			dependencies = (
				D087501B29D1731A00454A4B /* PBXTargetDependency */,
			);
			name = saveMoneyTests;
			productName = saveMoneyTests;
			productReference = D087501929D1731A00454A4B /* saveMoneyTests.xctest */;
			productType = "com.apple.product-type.bundle.unit-test";
		};
		D087502229D1731A00454A4B /* saveMoneyUITests */ = {
			isa = PBXNativeTarget;
			buildConfigurationList = D087503329D1731A00454A4B /* Build configuration list for PBXNativeTarget "saveMoneyUITests" */;
			buildPhases = (
				D087501F29D1731A00454A4B /* Sources */,
				D087502029D1731A00454A4B /* Frameworks */,
				D087502129D1731A00454A4B /* Resources */,
			);
			buildRules = (
			);
			dependencies = (
				D087502529D1731A00454A4B /* PBXTargetDependency */,
			);
			name = saveMoneyUITests;
			productName = saveMoneyUITests;
			productReference = D087502329D1731A00454A4B /* saveMoneyUITests.xctest */;
			productType = "com.apple.product-type.bundle.ui-testing";
		};
		D087503629D1740F00454A4B /* saveMoneyDev */ = {
			isa = PBXNativeTarget;
			buildConfigurationList = D087503E29D1740F00454A4B /* Build configuration list for PBXNativeTarget "saveMoneyDev" */;
			buildPhases = (
				D087503729D1740F00454A4B /* Sources */,
				D087503A29D1740F00454A4B /* Frameworks */,
				D087503B29D1740F00454A4B /* Resources */,
			);
			buildRules = (
			);
			dependencies = (
			);
			name = saveMoneyDev;
			packageProductDependencies = (
				D087506329D1948F00454A4B /* CombineExt */,
				D087506629D194AD00454A4B /* Stinsen */,
				D087506929D194C100454A4B /* Kingfisher */,
				D087506C29D194D900454A4B /* Swinject */,
			);
			productName = saveMoney;
			productReference = D087504129D1740F00454A4B /* saveMoneyDev.app */;
			productType = "com.apple.product-type.application";
		};
/* End PBXNativeTarget section */

/* Begin PBXProject section */
		D087500129D1731900454A4B /* Project object */ = {
			isa = PBXProject;
			attributes = {
				BuildIndependentTargetsInParallel = 1;
				LastSwiftUpdateCheck = 1420;
				LastUpgradeCheck = 1420;
				TargetAttributes = {
					D087500829D1731900454A4B = {
						CreatedOnToolsVersion = 14.2;
					};
					D087501829D1731A00454A4B = {
						CreatedOnToolsVersion = 14.2;
						TestTargetID = D087500829D1731900454A4B;
					};
					D087502229D1731A00454A4B = {
						CreatedOnToolsVersion = 14.2;
						TestTargetID = D087500829D1731900454A4B;
					};
				};
			};
			buildConfigurationList = D087500429D1731900454A4B /* Build configuration list for PBXProject "saveMoney" */;
			compatibilityVersion = "Xcode 14.0";
			developmentRegion = en;
			hasScannedForEncodings = 0;
			knownRegions = (
				en,
				Base,
				ru,
			);
			mainGroup = D087500029D1731900454A4B;
			packageReferences = (
				D087506229D1948F00454A4B /* XCRemoteSwiftPackageReference "CombineExt" */,
				D087506529D194AD00454A4B /* XCRemoteSwiftPackageReference "stinsen" */,
				D087506829D194C100454A4B /* XCRemoteSwiftPackageReference "Kingfisher" */,
				D087506B29D194D900454A4B /* XCRemoteSwiftPackageReference "Swinject" */,
			);
			productRefGroup = D087500A29D1731900454A4B /* Products */;
			projectDirPath = "";
			projectRoot = "";
			targets = (
				D087503629D1740F00454A4B /* saveMoneyDev */,
				D087500829D1731900454A4B /* saveMoney */,
				D087501829D1731A00454A4B /* saveMoneyTests */,
				D087502229D1731A00454A4B /* saveMoneyUITests */,
			);
		};
/* End PBXProject section */

/* Begin PBXResourcesBuildPhase section */
		D087500729D1731900454A4B /* Resources */ = {
			isa = PBXResourcesBuildPhase;
			buildActionMask = 2147483647;
			files = (
				D087501429D1731A00454A4B /* Preview Assets.xcassets in Resources */,
				D087505529D1772800454A4B /* Localizable.ru.strings in Resources */,
				D087504D29D176F500454A4B /* Localizable.en.strings in Resources */,
				D087501129D1731A00454A4B /* Assets.xcassets in Resources */,
			);
			runOnlyForDeploymentPostprocessing = 0;
		};
		D087501729D1731A00454A4B /* Resources */ = {
			isa = PBXResourcesBuildPhase;
			buildActionMask = 2147483647;
			files = (
			);
			runOnlyForDeploymentPostprocessing = 0;
		};
		D087502129D1731A00454A4B /* Resources */ = {
			isa = PBXResourcesBuildPhase;
			buildActionMask = 2147483647;
			files = (
			);
			runOnlyForDeploymentPostprocessing = 0;
		};
		D087503B29D1740F00454A4B /* Resources */ = {
			isa = PBXResourcesBuildPhase;
			buildActionMask = 2147483647;
			files = (
				D087503C29D1740F00454A4B /* Preview Assets.xcassets in Resources */,
				D087505429D1772800454A4B /* Localizable.ru.strings in Resources */,
				D087504C29D176F500454A4B /* Localizable.en.strings in Resources */,
				D087503D29D1740F00454A4B /* Assets.xcassets in Resources */,
			);
			runOnlyForDeploymentPostprocessing = 0;
		};
/* End PBXResourcesBuildPhase section */

/* Begin PBXSourcesBuildPhase section */
		D087500529D1731900454A4B /* Sources */ = {
			isa = PBXSourcesBuildPhase;
			buildActionMask = 2147483647;
			files = (
				D087506029D193BC00454A4B /* AppDelegate.swift in Sources */,
				D087505A29D1773F00454A4B /* Strings.swift in Sources */,
				D087500D29D1731900454A4B /* saveMoneyApp.swift in Sources */,
			);
			runOnlyForDeploymentPostprocessing = 0;
		};
		D087501529D1731A00454A4B /* Sources */ = {
			isa = PBXSourcesBuildPhase;
			buildActionMask = 2147483647;
			files = (
				D087501E29D1731A00454A4B /* saveMoneyTests.swift in Sources */,
			);
			runOnlyForDeploymentPostprocessing = 0;
		};
		D087501F29D1731A00454A4B /* Sources */ = {
			isa = PBXSourcesBuildPhase;
			buildActionMask = 2147483647;
			files = (
				D087502A29D1731A00454A4B /* saveMoneyUITestsLaunchTests.swift in Sources */,
				D087502829D1731A00454A4B /* saveMoneyUITests.swift in Sources */,
			);
			runOnlyForDeploymentPostprocessing = 0;
		};
		D087503729D1740F00454A4B /* Sources */ = {
			isa = PBXSourcesBuildPhase;
			buildActionMask = 2147483647;
			files = (
				D087505F29D193BC00454A4B /* AppDelegate.swift in Sources */,
				D087505929D1773F00454A4B /* Strings.swift in Sources */,
				D087503929D1740F00454A4B /* saveMoneyApp.swift in Sources */,
			);
			runOnlyForDeploymentPostprocessing = 0;
		};
/* End PBXSourcesBuildPhase section */

/* Begin PBXTargetDependency section */
		D087501B29D1731A00454A4B /* PBXTargetDependency */ = {
			isa = PBXTargetDependency;
			target = D087500829D1731900454A4B /* saveMoney */;
			targetProxy = D087501A29D1731A00454A4B /* PBXContainerItemProxy */;
		};
		D087502529D1731A00454A4B /* PBXTargetDependency */ = {
			isa = PBXTargetDependency;
			target = D087500829D1731900454A4B /* saveMoney */;
			targetProxy = D087502429D1731A00454A4B /* PBXContainerItemProxy */;
		};
/* End PBXTargetDependency section */

/* Begin PBXVariantGroup section */
		D087504F29D176F500454A4B /* Localizable.en.strings */ = {
			isa = PBXVariantGroup;
			children = (
				D087504E29D176F500454A4B /* en */,
			);
			name = Localizable.en.strings;
			sourceTree = "<group>";
		};
		D087505729D1772800454A4B /* Localizable.ru.strings */ = {
			isa = PBXVariantGroup;
			children = (
				D087505629D1772800454A4B /* ru */,
			);
			name = Localizable.ru.strings;
			sourceTree = "<group>";
		};
/* End PBXVariantGroup section */

/* Begin XCBuildConfiguration section */
		D087502B29D1731A00454A4B /* Debug */ = {
			isa = XCBuildConfiguration;
			buildSettings = {
				ALWAYS_SEARCH_USER_PATHS = NO;
				CLANG_ANALYZER_NONNULL = YES;
				CLANG_ANALYZER_NUMBER_OBJECT_CONVERSION = YES_AGGRESSIVE;
				CLANG_CXX_LANGUAGE_STANDARD = "gnu++20";
				CLANG_ENABLE_MODULES = YES;
				CLANG_ENABLE_OBJC_ARC = YES;
				CLANG_ENABLE_OBJC_WEAK = YES;
				CLANG_WARN_BLOCK_CAPTURE_AUTORELEASING = YES;
				CLANG_WARN_BOOL_CONVERSION = YES;
				CLANG_WARN_COMMA = YES;
				CLANG_WARN_CONSTANT_CONVERSION = YES;
				CLANG_WARN_DEPRECATED_OBJC_IMPLEMENTATIONS = YES;
				CLANG_WARN_DIRECT_OBJC_ISA_USAGE = YES_ERROR;
				CLANG_WARN_DOCUMENTATION_COMMENTS = YES;
				CLANG_WARN_EMPTY_BODY = YES;
				CLANG_WARN_ENUM_CONVERSION = YES;
				CLANG_WARN_INFINITE_RECURSION = YES;
				CLANG_WARN_INT_CONVERSION = YES;
				CLANG_WARN_NON_LITERAL_NULL_CONVERSION = YES;
				CLANG_WARN_OBJC_IMPLICIT_RETAIN_SELF = YES;
				CLANG_WARN_OBJC_LITERAL_CONVERSION = YES;
				CLANG_WARN_OBJC_ROOT_CLASS = YES_ERROR;
				CLANG_WARN_QUOTED_INCLUDE_IN_FRAMEWORK_HEADER = YES;
				CLANG_WARN_RANGE_LOOP_ANALYSIS = YES;
				CLANG_WARN_STRICT_PROTOTYPES = YES;
				CLANG_WARN_SUSPICIOUS_MOVE = YES;
				CLANG_WARN_UNGUARDED_AVAILABILITY = YES_AGGRESSIVE;
				CLANG_WARN_UNREACHABLE_CODE = YES;
				CLANG_WARN__DUPLICATE_METHOD_MATCH = YES;
				COPY_PHASE_STRIP = NO;
				DEBUG_INFORMATION_FORMAT = dwarf;
				ENABLE_STRICT_OBJC_MSGSEND = YES;
				ENABLE_TESTABILITY = YES;
				GCC_C_LANGUAGE_STANDARD = gnu11;
				GCC_DYNAMIC_NO_PIC = NO;
				GCC_NO_COMMON_BLOCKS = YES;
				GCC_OPTIMIZATION_LEVEL = 0;
				GCC_PREPROCESSOR_DEFINITIONS = (
					"DEBUG=1",
					"$(inherited)",
				);
				GCC_WARN_64_TO_32_BIT_CONVERSION = YES;
				GCC_WARN_ABOUT_RETURN_TYPE = YES_ERROR;
				GCC_WARN_UNDECLARED_SELECTOR = YES;
				GCC_WARN_UNINITIALIZED_AUTOS = YES_AGGRESSIVE;
				GCC_WARN_UNUSED_FUNCTION = YES;
				GCC_WARN_UNUSED_VARIABLE = YES;
				IPHONEOS_DEPLOYMENT_TARGET = 16.0;
				MTL_ENABLE_DEBUG_INFO = INCLUDE_SOURCE;
				MTL_FAST_MATH = YES;
				ONLY_ACTIVE_ARCH = YES;
				SDKROOT = iphoneos;
				SWIFT_ACTIVE_COMPILATION_CONDITIONS = DEBUG;
				SWIFT_OPTIMIZATION_LEVEL = "-Onone";
			};
			name = Debug;
		};
		D087502C29D1731A00454A4B /* Release */ = {
			isa = XCBuildConfiguration;
			buildSettings = {
				ALWAYS_SEARCH_USER_PATHS = NO;
				CLANG_ANALYZER_NONNULL = YES;
				CLANG_ANALYZER_NUMBER_OBJECT_CONVERSION = YES_AGGRESSIVE;
				CLANG_CXX_LANGUAGE_STANDARD = "gnu++20";
				CLANG_ENABLE_MODULES = YES;
				CLANG_ENABLE_OBJC_ARC = YES;
				CLANG_ENABLE_OBJC_WEAK = YES;
				CLANG_WARN_BLOCK_CAPTURE_AUTORELEASING = YES;
				CLANG_WARN_BOOL_CONVERSION = YES;
				CLANG_WARN_COMMA = YES;
				CLANG_WARN_CONSTANT_CONVERSION = YES;
				CLANG_WARN_DEPRECATED_OBJC_IMPLEMENTATIONS = YES;
				CLANG_WARN_DIRECT_OBJC_ISA_USAGE = YES_ERROR;
				CLANG_WARN_DOCUMENTATION_COMMENTS = YES;
				CLANG_WARN_EMPTY_BODY = YES;
				CLANG_WARN_ENUM_CONVERSION = YES;
				CLANG_WARN_INFINITE_RECURSION = YES;
				CLANG_WARN_INT_CONVERSION = YES;
				CLANG_WARN_NON_LITERAL_NULL_CONVERSION = YES;
				CLANG_WARN_OBJC_IMPLICIT_RETAIN_SELF = YES;
				CLANG_WARN_OBJC_LITERAL_CONVERSION = YES;
				CLANG_WARN_OBJC_ROOT_CLASS = YES_ERROR;
				CLANG_WARN_QUOTED_INCLUDE_IN_FRAMEWORK_HEADER = YES;
				CLANG_WARN_RANGE_LOOP_ANALYSIS = YES;
				CLANG_WARN_STRICT_PROTOTYPES = YES;
				CLANG_WARN_SUSPICIOUS_MOVE = YES;
				CLANG_WARN_UNGUARDED_AVAILABILITY = YES_AGGRESSIVE;
				CLANG_WARN_UNREACHABLE_CODE = YES;
				CLANG_WARN__DUPLICATE_METHOD_MATCH = YES;
				COPY_PHASE_STRIP = NO;
				DEBUG_INFORMATION_FORMAT = "dwarf-with-dsym";
				ENABLE_NS_ASSERTIONS = NO;
				ENABLE_STRICT_OBJC_MSGSEND = YES;
				GCC_C_LANGUAGE_STANDARD = gnu11;
				GCC_NO_COMMON_BLOCKS = YES;
				GCC_WARN_64_TO_32_BIT_CONVERSION = YES;
				GCC_WARN_ABOUT_RETURN_TYPE = YES_ERROR;
				GCC_WARN_UNDECLARED_SELECTOR = YES;
				GCC_WARN_UNINITIALIZED_AUTOS = YES_AGGRESSIVE;
				GCC_WARN_UNUSED_FUNCTION = YES;
				GCC_WARN_UNUSED_VARIABLE = YES;
				IPHONEOS_DEPLOYMENT_TARGET = 16.0;
				MTL_ENABLE_DEBUG_INFO = NO;
				MTL_FAST_MATH = YES;
				SDKROOT = iphoneos;
				SWIFT_COMPILATION_MODE = wholemodule;
				SWIFT_OPTIMIZATION_LEVEL = "-O";
				VALIDATE_PRODUCT = YES;
			};
			name = Release;
		};
		D087502E29D1731A00454A4B /* Debug */ = {
			isa = XCBuildConfiguration;
			buildSettings = {
				ASSETCATALOG_COMPILER_APPICON_NAME = AppIcon;
				ASSETCATALOG_COMPILER_GLOBAL_ACCENT_COLOR_NAME = AccentColor;
				CODE_SIGN_STYLE = Automatic;
				CURRENT_PROJECT_VERSION = 1;
				DEVELOPMENT_ASSET_PATHS = "\"saveMoney/Preview Content\"";
				DEVELOPMENT_TEAM = 29WM9J786L;
				ENABLE_PREVIEWS = YES;
				GENERATE_INFOPLIST_FILE = YES;
				INFOPLIST_KEY_CFBundleDisplayName = SaveMoney;
				INFOPLIST_KEY_UIApplicationSceneManifest_Generation = YES;
				INFOPLIST_KEY_UIApplicationSupportsIndirectInputEvents = YES;
				INFOPLIST_KEY_UILaunchScreen_Generation = YES;
				INFOPLIST_KEY_UISupportedInterfaceOrientations_iPad = "UIInterfaceOrientationPortrait UIInterfaceOrientationPortraitUpsideDown UIInterfaceOrientationLandscapeLeft UIInterfaceOrientationLandscapeRight";
				INFOPLIST_KEY_UISupportedInterfaceOrientations_iPhone = "UIInterfaceOrientationPortrait UIInterfaceOrientationLandscapeLeft UIInterfaceOrientationLandscapeRight";
				LD_RUNPATH_SEARCH_PATHS = (
					"$(inherited)",
					"@executable_path/Frameworks",
				);
				MARKETING_VERSION = 1.0;
				PRODUCT_BUNDLE_IDENTIFIER = dmitriq.saveMoney;
				PRODUCT_NAME = "$(TARGET_NAME)";
				SWIFT_EMIT_LOC_STRINGS = YES;
				SWIFT_VERSION = 5.0;
				TARGETED_DEVICE_FAMILY = "1,2";
			};
			name = Debug;
		};
		D087502F29D1731A00454A4B /* Release */ = {
			isa = XCBuildConfiguration;
			buildSettings = {
				ASSETCATALOG_COMPILER_APPICON_NAME = AppIcon;
				ASSETCATALOG_COMPILER_GLOBAL_ACCENT_COLOR_NAME = AccentColor;
				CODE_SIGN_STYLE = Automatic;
				CURRENT_PROJECT_VERSION = 1;
				DEVELOPMENT_ASSET_PATHS = "\"saveMoney/Preview Content\"";
				DEVELOPMENT_TEAM = 29WM9J786L;
				ENABLE_PREVIEWS = YES;
				GENERATE_INFOPLIST_FILE = YES;
				INFOPLIST_KEY_CFBundleDisplayName = SaveMoney;
				INFOPLIST_KEY_UIApplicationSceneManifest_Generation = YES;
				INFOPLIST_KEY_UIApplicationSupportsIndirectInputEvents = YES;
				INFOPLIST_KEY_UILaunchScreen_Generation = YES;
				INFOPLIST_KEY_UISupportedInterfaceOrientations_iPad = "UIInterfaceOrientationPortrait UIInterfaceOrientationPortraitUpsideDown UIInterfaceOrientationLandscapeLeft UIInterfaceOrientationLandscapeRight";
				INFOPLIST_KEY_UISupportedInterfaceOrientations_iPhone = "UIInterfaceOrientationPortrait UIInterfaceOrientationLandscapeLeft UIInterfaceOrientationLandscapeRight";
				LD_RUNPATH_SEARCH_PATHS = (
					"$(inherited)",
					"@executable_path/Frameworks",
				);
				MARKETING_VERSION = 1.0;
				PRODUCT_BUNDLE_IDENTIFIER = dmitriq.saveMoney;
				PRODUCT_NAME = "$(TARGET_NAME)";
				SWIFT_EMIT_LOC_STRINGS = YES;
				SWIFT_VERSION = 5.0;
				TARGETED_DEVICE_FAMILY = "1,2";
			};
			name = Release;
		};
		D087503129D1731A00454A4B /* Debug */ = {
			isa = XCBuildConfiguration;
			buildSettings = {
				ALWAYS_EMBED_SWIFT_STANDARD_LIBRARIES = YES;
				BUNDLE_LOADER = "$(TEST_HOST)";
				CODE_SIGN_STYLE = Automatic;
				CURRENT_PROJECT_VERSION = 1;
				DEVELOPMENT_TEAM = 29WM9J786L;
				GENERATE_INFOPLIST_FILE = YES;
				IPHONEOS_DEPLOYMENT_TARGET = 16.2;
				MARKETING_VERSION = 1.0;
				PRODUCT_BUNDLE_IDENTIFIER = dmitriq.saveMoneyTests;
				PRODUCT_NAME = "$(TARGET_NAME)";
				SWIFT_EMIT_LOC_STRINGS = NO;
				SWIFT_VERSION = 5.0;
				TARGETED_DEVICE_FAMILY = "1,2";
				TEST_HOST = "$(BUILT_PRODUCTS_DIR)/saveMoney.app/$(BUNDLE_EXECUTABLE_FOLDER_PATH)/saveMoney";
			};
			name = Debug;
		};
		D087503229D1731A00454A4B /* Release */ = {
			isa = XCBuildConfiguration;
			buildSettings = {
				ALWAYS_EMBED_SWIFT_STANDARD_LIBRARIES = YES;
				BUNDLE_LOADER = "$(TEST_HOST)";
				CODE_SIGN_STYLE = Automatic;
				CURRENT_PROJECT_VERSION = 1;
				DEVELOPMENT_TEAM = 29WM9J786L;
				GENERATE_INFOPLIST_FILE = YES;
				IPHONEOS_DEPLOYMENT_TARGET = 16.2;
				MARKETING_VERSION = 1.0;
				PRODUCT_BUNDLE_IDENTIFIER = dmitriq.saveMoneyTests;
				PRODUCT_NAME = "$(TARGET_NAME)";
				SWIFT_EMIT_LOC_STRINGS = NO;
				SWIFT_VERSION = 5.0;
				TARGETED_DEVICE_FAMILY = "1,2";
				TEST_HOST = "$(BUILT_PRODUCTS_DIR)/saveMoney.app/$(BUNDLE_EXECUTABLE_FOLDER_PATH)/saveMoney";
			};
			name = Release;
		};
		D087503429D1731A00454A4B /* Debug */ = {
			isa = XCBuildConfiguration;
			buildSettings = {
				ALWAYS_EMBED_SWIFT_STANDARD_LIBRARIES = YES;
				CODE_SIGN_STYLE = Automatic;
				CURRENT_PROJECT_VERSION = 1;
				DEVELOPMENT_TEAM = 29WM9J786L;
				GENERATE_INFOPLIST_FILE = YES;
				MARKETING_VERSION = 1.0;
				PRODUCT_BUNDLE_IDENTIFIER = dmitriq.saveMoneyUITests;
				PRODUCT_NAME = "$(TARGET_NAME)";
				SWIFT_EMIT_LOC_STRINGS = NO;
				SWIFT_VERSION = 5.0;
				TARGETED_DEVICE_FAMILY = "1,2";
				TEST_TARGET_NAME = saveMoney;
			};
			name = Debug;
		};
		D087503529D1731A00454A4B /* Release */ = {
			isa = XCBuildConfiguration;
			buildSettings = {
				ALWAYS_EMBED_SWIFT_STANDARD_LIBRARIES = YES;
				CODE_SIGN_STYLE = Automatic;
				CURRENT_PROJECT_VERSION = 1;
				DEVELOPMENT_TEAM = 29WM9J786L;
				GENERATE_INFOPLIST_FILE = YES;
				MARKETING_VERSION = 1.0;
				PRODUCT_BUNDLE_IDENTIFIER = dmitriq.saveMoneyUITests;
				PRODUCT_NAME = "$(TARGET_NAME)";
				SWIFT_EMIT_LOC_STRINGS = NO;
				SWIFT_VERSION = 5.0;
				TARGETED_DEVICE_FAMILY = "1,2";
				TEST_TARGET_NAME = saveMoney;
			};
			name = Release;
		};
		D087503F29D1740F00454A4B /* Debug */ = {
			isa = XCBuildConfiguration;
			buildSettings = {
				ASSETCATALOG_COMPILER_APPICON_NAME = AppIcon;
				ASSETCATALOG_COMPILER_GLOBAL_ACCENT_COLOR_NAME = AccentColor;
				CODE_SIGN_STYLE = Automatic;
				CURRENT_PROJECT_VERSION = 1;
				DEVELOPMENT_ASSET_PATHS = "\"saveMoney/Preview Content\"";
				DEVELOPMENT_TEAM = 29WM9J786L;
				ENABLE_PREVIEWS = YES;
				GENERATE_INFOPLIST_FILE = YES;
				INFOPLIST_KEY_CFBundleDisplayName = SaveMoney;
				INFOPLIST_KEY_UIApplicationSceneManifest_Generation = YES;
				INFOPLIST_KEY_UIApplicationSupportsIndirectInputEvents = YES;
				INFOPLIST_KEY_UILaunchScreen_Generation = YES;
				INFOPLIST_KEY_UISupportedInterfaceOrientations_iPad = "UIInterfaceOrientationPortrait UIInterfaceOrientationPortraitUpsideDown UIInterfaceOrientationLandscapeLeft UIInterfaceOrientationLandscapeRight";
				INFOPLIST_KEY_UISupportedInterfaceOrientations_iPhone = "UIInterfaceOrientationPortrait UIInterfaceOrientationLandscapeLeft UIInterfaceOrientationLandscapeRight";
				LD_RUNPATH_SEARCH_PATHS = (
					"$(inherited)",
					"@executable_path/Frameworks",
				);
				MARKETING_VERSION = 0.1.0;
				PRODUCT_BUNDLE_IDENTIFIER = dmitriq.saveMoney;
				PRODUCT_NAME = "$(TARGET_NAME)";
				SUPPORTED_PLATFORMS = "iphoneos iphonesimulator";
				SUPPORTS_MACCATALYST = NO;
				SUPPORTS_MAC_DESIGNED_FOR_IPHONE_IPAD = NO;
				SWIFT_EMIT_LOC_STRINGS = YES;
				SWIFT_VERSION = 5.0;
				TARGETED_DEVICE_FAMILY = "1,2";
			};
			name = Debug;
		};
		D087504029D1740F00454A4B /* Release */ = {
			isa = XCBuildConfiguration;
			buildSettings = {
				ASSETCATALOG_COMPILER_APPICON_NAME = AppIcon;
				ASSETCATALOG_COMPILER_GLOBAL_ACCENT_COLOR_NAME = AccentColor;
				CODE_SIGN_STYLE = Automatic;
				CURRENT_PROJECT_VERSION = 1;
				DEVELOPMENT_ASSET_PATHS = "\"saveMoney/Preview Content\"";
				DEVELOPMENT_TEAM = 29WM9J786L;
				ENABLE_PREVIEWS = YES;
				GENERATE_INFOPLIST_FILE = YES;
				INFOPLIST_KEY_CFBundleDisplayName = SaveMoney;
				INFOPLIST_KEY_UIApplicationSceneManifest_Generation = YES;
				INFOPLIST_KEY_UIApplicationSupportsIndirectInputEvents = YES;
				INFOPLIST_KEY_UILaunchScreen_Generation = YES;
				INFOPLIST_KEY_UISupportedInterfaceOrientations_iPad = "UIInterfaceOrientationPortrait UIInterfaceOrientationPortraitUpsideDown UIInterfaceOrientationLandscapeLeft UIInterfaceOrientationLandscapeRight";
				INFOPLIST_KEY_UISupportedInterfaceOrientations_iPhone = "UIInterfaceOrientationPortrait UIInterfaceOrientationLandscapeLeft UIInterfaceOrientationLandscapeRight";
				LD_RUNPATH_SEARCH_PATHS = (
					"$(inherited)",
					"@executable_path/Frameworks",
				);
				MARKETING_VERSION = 0.1.0;
				PRODUCT_BUNDLE_IDENTIFIER = dmitriq.saveMoney;
				PRODUCT_NAME = "$(TARGET_NAME)";
				SUPPORTED_PLATFORMS = "iphoneos iphonesimulator";
				SUPPORTS_MACCATALYST = NO;
				SUPPORTS_MAC_DESIGNED_FOR_IPHONE_IPAD = NO;
				SWIFT_EMIT_LOC_STRINGS = YES;
				SWIFT_VERSION = 5.0;
				TARGETED_DEVICE_FAMILY = "1,2";
			};
			name = Release;
		};
/* End XCBuildConfiguration section */

/* Begin XCConfigurationList section */
		D087500429D1731900454A4B /* Build configuration list for PBXProject "saveMoney" */ = {
			isa = XCConfigurationList;
			buildConfigurations = (
				D087502B29D1731A00454A4B /* Debug */,
				D087502C29D1731A00454A4B /* Release */,
			);
			defaultConfigurationIsVisible = 0;
			defaultConfigurationName = Release;
		};
		D087502D29D1731A00454A4B /* Build configuration list for PBXNativeTarget "saveMoney" */ = {
			isa = XCConfigurationList;
			buildConfigurations = (
				D087502E29D1731A00454A4B /* Debug */,
				D087502F29D1731A00454A4B /* Release */,
			);
			defaultConfigurationIsVisible = 0;
			defaultConfigurationName = Release;
		};
		D087503029D1731A00454A4B /* Build configuration list for PBXNativeTarget "saveMoneyTests" */ = {
			isa = XCConfigurationList;
			buildConfigurations = (
				D087503129D1731A00454A4B /* Debug */,
				D087503229D1731A00454A4B /* Release */,
			);
			defaultConfigurationIsVisible = 0;
			defaultConfigurationName = Release;
		};
		D087503329D1731A00454A4B /* Build configuration list for PBXNativeTarget "saveMoneyUITests" */ = {
			isa = XCConfigurationList;
			buildConfigurations = (
				D087503429D1731A00454A4B /* Debug */,
				D087503529D1731A00454A4B /* Release */,
			);
			defaultConfigurationIsVisible = 0;
			defaultConfigurationName = Release;
		};
		D087503E29D1740F00454A4B /* Build configuration list for PBXNativeTarget "saveMoneyDev" */ = {
			isa = XCConfigurationList;
			buildConfigurations = (
				D087503F29D1740F00454A4B /* Debug */,
				D087504029D1740F00454A4B /* Release */,
			);
			defaultConfigurationIsVisible = 0;
			defaultConfigurationName = Release;
		};
/* End XCConfigurationList section */

/* Begin XCRemoteSwiftPackageReference section */
		D087506229D1948F00454A4B /* XCRemoteSwiftPackageReference "CombineExt" */ = {
			isa = XCRemoteSwiftPackageReference;
			repositoryURL = "https://github.com/CombineCommunity/CombineExt";
			requirement = {
				kind = exactVersion;
				version = 1.8.1;
			};
		};
		D087506529D194AD00454A4B /* XCRemoteSwiftPackageReference "stinsen" */ = {
			isa = XCRemoteSwiftPackageReference;
			repositoryURL = "https://github.com/rundfunk47/stinsen";
			requirement = {
				kind = exactVersion;
				version = 2.0.9;
			};
		};
		D087506829D194C100454A4B /* XCRemoteSwiftPackageReference "Kingfisher" */ = {
			isa = XCRemoteSwiftPackageReference;
			repositoryURL = "https://github.com/onevcat/Kingfisher";
			requirement = {
				kind = exactVersion;
				version = 7.6.2;
			};
		};
		D087506B29D194D900454A4B /* XCRemoteSwiftPackageReference "Swinject" */ = {
			isa = XCRemoteSwiftPackageReference;
			repositoryURL = "https://github.com/Swinject/Swinject";
			requirement = {
				kind = exactVersion;
				version = 2.8.3;
			};
		};
/* End XCRemoteSwiftPackageReference section */

/* Begin XCSwiftPackageProductDependency section */
		D087506329D1948F00454A4B /* CombineExt */ = {
			isa = XCSwiftPackageProductDependency;
			package = D087506229D1948F00454A4B /* XCRemoteSwiftPackageReference "CombineExt" */;
			productName = CombineExt;
		};
		D087506629D194AD00454A4B /* Stinsen */ = {
			isa = XCSwiftPackageProductDependency;
			package = D087506529D194AD00454A4B /* XCRemoteSwiftPackageReference "stinsen" */;
			productName = Stinsen;
		};
		D087506929D194C100454A4B /* Kingfisher */ = {
			isa = XCSwiftPackageProductDependency;
			package = D087506829D194C100454A4B /* XCRemoteSwiftPackageReference "Kingfisher" */;
			productName = Kingfisher;
		};
		D087506C29D194D900454A4B /* Swinject */ = {
			isa = XCSwiftPackageProductDependency;
			package = D087506B29D194D900454A4B /* XCRemoteSwiftPackageReference "Swinject" */;
			productName = Swinject;
		};
/* End XCSwiftPackageProductDependency section */
	};
	rootObject = D087500129D1731900454A4B /* Project object */;
}
